
Microsoft Visual Studio Solution File, Format Version 12.00
# Visual Studio Version 16
VisualStudioVersion = 16.0.30104.148
MinimumVisualStudioVersion = 10.0.40219.1
Project("{FAE04EC0-301F-11D3-BF4B-00C04F79EFBC}") = "OrderData", "OrderData\OrderData.csproj", "{F9E2997A-93CB-461A-90C2-DDECA8037B8E}"
EndProject
Project("{FAE04EC0-301F-11D3-BF4B-00C04F79EFBC}") = "OrderGenerator", "OrderGenerator\OrderGenerator.csproj", "{26E12875-7C3E-4212-9851-AFF4F487E176}"
EndProject
Project("{FAE04EC0-301F-11D3-BF4B-00C04F79EFBC}") = "OrderConsumer", "OrderConsumer\OrderConsumer.csproj", "{78AD367F-000D-4B70-8077-1C5CF485F1B9}"
EndProject
Project("{FAE04EC0-301F-11D3-BF4B-00C04F79EFBC}") = "OrderViewer", "OrderViewer\OrderViewer.csproj", "{E00867D5-56AF-4F3D-8E76-7DB119B7C595}"
EndProject
Global
	GlobalSection(SolutionConfigurationPlatforms) = preSolution
		Debug|Any CPU = Debug|Any CPU
		Release|Any CPU = Release|Any CPU
	EndGlobalSection
	GlobalSection(ProjectConfigurationPlatforms) = postSolution
		{F9E2997A-93CB-461A-90C2-DDECA8037B8E}.Debug|Any CPU.ActiveCfg = Debug|Any CPU
		{F9E2997A-93CB-461A-90C2-DDECA8037B8E}.Debug|Any CPU.Build.0 = Debug|Any CPU
		{F9E2997A-93CB-461A-90C2-DDECA8037B8E}.Release|Any CPU.ActiveCfg = Release|Any CPU
		{F9E2997A-93CB-461A-90C2-DDECA8037B8E}.Release|Any CPU.Build.0 = Release|Any CPU
		{26E12875-7C3E-4212-9851-AFF4F487E176}.Debug|Any CPU.ActiveCfg = Debug|Any CPU
		{26E12875-7C3E-4212-9851-AFF4F487E176}.Debug|Any CPU.Build.0 = Debug|Any CPU
		{26E12875-7C3E-4212-9851-AFF4F487E176}.Release|Any CPU.ActiveCfg = Release|Any CPU
		{26E12875-7C3E-4212-9851-AFF4F487E176}.Release|Any CPU.Build.0 = Release|Any CPU
		{78AD367F-000D-4B70-8077-1C5CF485F1B9}.Debug|Any CPU.ActiveCfg = Debug|Any CPU
		{78AD367F-000D-4B70-8077-1C5CF485F1B9}.Debug|Any CPU.Build.0 = Debug|Any CPU
		{78AD367F-000D-4B70-8077-1C5CF485F1B9}.Release|Any CPU.ActiveCfg = Release|Any CPU
		{78AD367F-000D-4B70-8077-1C5CF485F1B9}.Release|Any CPU.Build.0 = Release|Any CPU
		{E00867D5-56AF-4F3D-8E76-7DB119B7C595}.Debug|Any CPU.ActiveCfg = Debug|Any CPU
		{E00867D5-56AF-4F3D-8E76-7DB119B7C595}.Debug|Any CPU.Build.0 = Debug|Any CPU
		{E00867D5-56AF-4F3D-8E76-7DB119B7C595}.Release|Any CPU.ActiveCfg = Release|Any CPU
		{E00867D5-56AF-4F3D-8E76-7DB119B7C595}.Release|Any CPU.Build.0 = Release|Any CPU
	EndGlobalSection
	GlobalSection(SolutionProperties) = preSolution
		HideSolutionNode = FALSE
	EndGlobalSection
	GlobalSection(ExtensibilityGlobals) = postSolution
		SolutionGuid = {F84A1A1D-A1EE-4FD0-83A7-5CF42988886B}
	EndGlobalSection
EndGlobal
